# This file is automatically @generated by Poetry 1.5.1 and should not be changed by hand.

[[package]]
name = "annotated-types"
version = "0.5.0"
description = "Reusable constraint types to use with typing.Annotated"
optional = false
python-versions = ">=3.7"
files = [
    {file = "annotated_types-0.5.0-py3-none-any.whl", hash = "sha256:58da39888f92c276ad970249761ebea80ba544b77acddaa1a4d6cf78287d45fd"},
    {file = "annotated_types-0.5.0.tar.gz", hash = "sha256:47cdc3490d9ac1506ce92c7aaa76c579dc3509ff11e098fc867e5130ab7be802"},
]

[[package]]
name = "black"
version = "23.9.1"
description = "The uncompromising code formatter."
optional = false
python-versions = ">=3.8"
files = [
    {file = "black-23.9.1-cp310-cp310-macosx_10_16_arm64.whl", hash = "sha256:d6bc09188020c9ac2555a498949401ab35bb6bf76d4e0f8ee251694664df6301"},
    {file = "black-23.9.1-cp310-cp310-macosx_10_16_universal2.whl", hash = "sha256:13ef033794029b85dfea8032c9d3b92b42b526f1ff4bf13b2182ce4e917f5100"},
    {file = "black-23.9.1-cp310-cp310-macosx_10_16_x86_64.whl", hash = "sha256:75a2dc41b183d4872d3a500d2b9c9016e67ed95738a3624f4751a0cb4818fe71"},
    {file = "black-23.9.1-cp310-cp310-manylinux_2_17_x86_64.manylinux2014_x86_64.whl", hash = "sha256:13a2e4a93bb8ca74a749b6974925c27219bb3df4d42fc45e948a5d9feb5122b7"},
    {file = "black-23.9.1-cp310-cp310-win_amd64.whl", hash = "sha256:adc3e4442eef57f99b5590b245a328aad19c99552e0bdc7f0b04db6656debd80"},
    {file = "black-23.9.1-cp311-cp311-macosx_10_16_arm64.whl", hash = "sha256:8431445bf62d2a914b541da7ab3e2b4f3bc052d2ccbf157ebad18ea126efb91f"},
    {file = "black-23.9.1-cp311-cp311-macosx_10_16_universal2.whl", hash = "sha256:8fc1ddcf83f996247505db6b715294eba56ea9372e107fd54963c7553f2b6dfe"},
    {file = "black-23.9.1-cp311-cp311-macosx_10_16_x86_64.whl", hash = "sha256:7d30ec46de88091e4316b17ae58bbbfc12b2de05e069030f6b747dfc649ad186"},
    {file = "black-23.9.1-cp311-cp311-manylinux_2_17_x86_64.manylinux2014_x86_64.whl", hash = "sha256:031e8c69f3d3b09e1aa471a926a1eeb0b9071f80b17689a655f7885ac9325a6f"},
    {file = "black-23.9.1-cp311-cp311-win_amd64.whl", hash = "sha256:538efb451cd50f43aba394e9ec7ad55a37598faae3348d723b59ea8e91616300"},
    {file = "black-23.9.1-cp38-cp38-macosx_10_16_arm64.whl", hash = "sha256:638619a559280de0c2aa4d76f504891c9860bb8fa214267358f0a20f27c12948"},
    {file = "black-23.9.1-cp38-cp38-macosx_10_16_universal2.whl", hash = "sha256:a732b82747235e0542c03bf352c126052c0fbc458d8a239a94701175b17d4855"},
    {file = "black-23.9.1-cp38-cp38-macosx_10_16_x86_64.whl", hash = "sha256:cf3a4d00e4cdb6734b64bf23cd4341421e8953615cba6b3670453737a72ec204"},
    {file = "black-23.9.1-cp38-cp38-manylinux_2_17_x86_64.manylinux2014_x86_64.whl", hash = "sha256:cf99f3de8b3273a8317681d8194ea222f10e0133a24a7548c73ce44ea1679377"},
    {file = "black-23.9.1-cp38-cp38-win_amd64.whl", hash = "sha256:14f04c990259576acd093871e7e9b14918eb28f1866f91968ff5524293f9c573"},
    {file = "black-23.9.1-cp39-cp39-macosx_10_16_arm64.whl", hash = "sha256:c619f063c2d68f19b2d7270f4cf3192cb81c9ec5bc5ba02df91471d0b88c4c5c"},
    {file = "black-23.9.1-cp39-cp39-macosx_10_16_universal2.whl", hash = "sha256:6a3b50e4b93f43b34a9d3ef00d9b6728b4a722c997c99ab09102fd5efdb88325"},
    {file = "black-23.9.1-cp39-cp39-macosx_10_16_x86_64.whl", hash = "sha256:c46767e8df1b7beefb0899c4a95fb43058fa8500b6db144f4ff3ca38eb2f6393"},
    {file = "black-23.9.1-cp39-cp39-manylinux_2_17_x86_64.manylinux2014_x86_64.whl", hash = "sha256:50254ebfa56aa46a9fdd5d651f9637485068a1adf42270148cd101cdf56e0ad9"},
    {file = "black-23.9.1-cp39-cp39-win_amd64.whl", hash = "sha256:403397c033adbc45c2bd41747da1f7fc7eaa44efbee256b53842470d4ac5a70f"},
    {file = "black-23.9.1-py3-none-any.whl", hash = "sha256:6ccd59584cc834b6d127628713e4b6b968e5f79572da66284532525a042549f9"},
    {file = "black-23.9.1.tar.gz", hash = "sha256:24b6b3ff5c6d9ea08a8888f6977eae858e1f340d7260cf56d70a49823236b62d"},
]

[package.dependencies]
click = ">=8.0.0"
mypy-extensions = ">=0.4.3"
packaging = ">=22.0"
pathspec = ">=0.9.0"
platformdirs = ">=2"

[package.extras]
colorama = ["colorama (>=0.4.3)"]
d = ["aiohttp (>=3.7.4)"]
jupyter = ["ipython (>=7.8.0)", "tokenize-rt (>=3.2.0)"]
uvloop = ["uvloop (>=0.15.2)"]

[[package]]
name = "click"
version = "8.1.6"
description = "Composable command line interface toolkit"
optional = false
python-versions = ">=3.7"
files = [
    {file = "click-8.1.6-py3-none-any.whl", hash = "sha256:fa244bb30b3b5ee2cae3da8f55c9e5e0c0e86093306301fb418eb9dc40fbded5"},
    {file = "click-8.1.6.tar.gz", hash = "sha256:48ee849951919527a045bfe3bf7baa8a959c423134e1a5b98c05c20ba75a1cbd"},
]

[package.dependencies]
colorama = {version = "*", markers = "platform_system == \"Windows\""}

[[package]]
name = "colorama"
version = "0.4.6"
description = "Cross-platform colored terminal text."
optional = false
python-versions = "!=3.0.*,!=3.1.*,!=3.2.*,!=3.3.*,!=3.4.*,!=3.5.*,!=3.6.*,>=2.7"
files = [
    {file = "colorama-0.4.6-py2.py3-none-any.whl", hash = "sha256:4f1d9991f5acc0ca119f9d443620b77f9d6b33703e51011c16baf57afb285fc6"},
    {file = "colorama-0.4.6.tar.gz", hash = "sha256:08695f5cb7ed6e0531a20572697297273c47b8cae5a63ffc6d6ed5c201be6e44"},
]

[[package]]
name = "mypy"
version = "1.5.1"
description = "Optional static typing for Python"
optional = false
python-versions = ">=3.8"
files = [
    {file = "mypy-1.5.1-cp310-cp310-macosx_10_9_x86_64.whl", hash = "sha256:f33592ddf9655a4894aef22d134de7393e95fcbdc2d15c1ab65828eee5c66c70"},
    {file = "mypy-1.5.1-cp310-cp310-macosx_11_0_arm64.whl", hash = "sha256:258b22210a4a258ccd077426c7a181d789d1121aca6db73a83f79372f5569ae0"},
    {file = "mypy-1.5.1-cp310-cp310-manylinux_2_17_x86_64.manylinux2014_x86_64.whl", hash = "sha256:a9ec1f695f0c25986e6f7f8778e5ce61659063268836a38c951200c57479cc12"},
    {file = "mypy-1.5.1-cp310-cp310-musllinux_1_1_x86_64.whl", hash = "sha256:abed92d9c8f08643c7d831300b739562b0a6c9fcb028d211134fc9ab20ccad5d"},
    {file = "mypy-1.5.1-cp310-cp310-win_amd64.whl", hash = "sha256:a156e6390944c265eb56afa67c74c0636f10283429171018446b732f1a05af25"},
    {file = "mypy-1.5.1-cp311-cp311-macosx_10_9_x86_64.whl", hash = "sha256:6ac9c21bfe7bc9f7f1b6fae441746e6a106e48fc9de530dea29e8cd37a2c0cc4"},
    {file = "mypy-1.5.1-cp311-cp311-macosx_11_0_arm64.whl", hash = "sha256:51cb1323064b1099e177098cb939eab2da42fea5d818d40113957ec954fc85f4"},
    {file = "mypy-1.5.1-cp311-cp311-manylinux_2_17_x86_64.manylinux2014_x86_64.whl", hash = "sha256:596fae69f2bfcb7305808c75c00f81fe2829b6236eadda536f00610ac5ec2243"},
    {file = "mypy-1.5.1-cp311-cp311-musllinux_1_1_x86_64.whl", hash = "sha256:32cb59609b0534f0bd67faebb6e022fe534bdb0e2ecab4290d683d248be1b275"},
    {file = "mypy-1.5.1-cp311-cp311-win_amd64.whl", hash = "sha256:159aa9acb16086b79bbb0016145034a1a05360626046a929f84579ce1666b315"},
    {file = "mypy-1.5.1-cp312-cp312-macosx_10_9_x86_64.whl", hash = "sha256:f6b0e77db9ff4fda74de7df13f30016a0a663928d669c9f2c057048ba44f09bb"},
    {file = "mypy-1.5.1-cp312-cp312-macosx_11_0_arm64.whl", hash = "sha256:26f71b535dfc158a71264e6dc805a9f8d2e60b67215ca0bfa26e2e1aa4d4d373"},
    {file = "mypy-1.5.1-cp312-cp312-manylinux_2_17_x86_64.manylinux2014_x86_64.whl", hash = "sha256:2fc3a600f749b1008cc75e02b6fb3d4db8dbcca2d733030fe7a3b3502902f161"},
    {file = "mypy-1.5.1-cp312-cp312-musllinux_1_1_x86_64.whl", hash = "sha256:26fb32e4d4afa205b24bf645eddfbb36a1e17e995c5c99d6d00edb24b693406a"},
    {file = "mypy-1.5.1-cp312-cp312-win_amd64.whl", hash = "sha256:82cb6193de9bbb3844bab4c7cf80e6227d5225cc7625b068a06d005d861ad5f1"},
    {file = "mypy-1.5.1-cp38-cp38-macosx_10_9_x86_64.whl", hash = "sha256:4a465ea2ca12804d5b34bb056be3a29dc47aea5973b892d0417c6a10a40b2d65"},
    {file = "mypy-1.5.1-cp38-cp38-macosx_11_0_arm64.whl", hash = "sha256:9fece120dbb041771a63eb95e4896791386fe287fefb2837258925b8326d6160"},
    {file = "mypy-1.5.1-cp38-cp38-manylinux_2_17_x86_64.manylinux2014_x86_64.whl", hash = "sha256:d28ddc3e3dfeab553e743e532fb95b4e6afad51d4706dd22f28e1e5e664828d2"},
    {file = "mypy-1.5.1-cp38-cp38-musllinux_1_1_x86_64.whl", hash = "sha256:57b10c56016adce71fba6bc6e9fd45d8083f74361f629390c556738565af8eeb"},
    {file = "mypy-1.5.1-cp38-cp38-win_amd64.whl", hash = "sha256:ff0cedc84184115202475bbb46dd99f8dcb87fe24d5d0ddfc0fe6b8575c88d2f"},
    {file = "mypy-1.5.1-cp39-cp39-macosx_10_9_x86_64.whl", hash = "sha256:8f772942d372c8cbac575be99f9cc9d9fb3bd95c8bc2de6c01411e2c84ebca8a"},
    {file = "mypy-1.5.1-cp39-cp39-macosx_11_0_arm64.whl", hash = "sha256:5d627124700b92b6bbaa99f27cbe615c8ea7b3402960f6372ea7d65faf376c14"},
    {file = "mypy-1.5.1-cp39-cp39-manylinux_2_17_x86_64.manylinux2014_x86_64.whl", hash = "sha256:361da43c4f5a96173220eb53340ace68cda81845cd88218f8862dfb0adc8cddb"},
    {file = "mypy-1.5.1-cp39-cp39-musllinux_1_1_x86_64.whl", hash = "sha256:330857f9507c24de5c5724235e66858f8364a0693894342485e543f5b07c8693"},
    {file = "mypy-1.5.1-cp39-cp39-win_amd64.whl", hash = "sha256:c543214ffdd422623e9fedd0869166c2f16affe4ba37463975043ef7d2ea8770"},
    {file = "mypy-1.5.1-py3-none-any.whl", hash = "sha256:f757063a83970d67c444f6e01d9550a7402322af3557ce7630d3c957386fa8f5"},
    {file = "mypy-1.5.1.tar.gz", hash = "sha256:b031b9601f1060bf1281feab89697324726ba0c0bae9d7cd7ab4b690940f0b92"},
]

[package.dependencies]
mypy-extensions = ">=1.0.0"
typing-extensions = ">=4.1.0"

[package.extras]
dmypy = ["psutil (>=4.0)"]
install-types = ["pip"]
reports = ["lxml"]

[[package]]
name = "mypy-extensions"
version = "1.0.0"
description = "Type system extensions for programs checked with the mypy type checker."
optional = false
python-versions = ">=3.5"
files = [
    {file = "mypy_extensions-1.0.0-py3-none-any.whl", hash = "sha256:4392f6c0eb8a5668a69e23d168ffa70f0be9ccfd32b5cc2d26a34ae5b844552d"},
    {file = "mypy_extensions-1.0.0.tar.gz", hash = "sha256:75dbf8955dc00442a438fc4d0666508a9a97b6bd41aa2f0ffe9d2f2725af0782"},
]

[[package]]
name = "packaging"
version = "23.1"
description = "Core utilities for Python packages"
optional = false
python-versions = ">=3.7"
files = [
    {file = "packaging-23.1-py3-none-any.whl", hash = "sha256:994793af429502c4ea2ebf6bf664629d07c1a9fe974af92966e4b8d2df7edc61"},
    {file = "packaging-23.1.tar.gz", hash = "sha256:a392980d2b6cffa644431898be54b0045151319d1e7ec34f0cfed48767dd334f"},
]

[[package]]
name = "pathspec"
version = "0.11.2"
description = "Utility library for gitignore style pattern matching of file paths."
optional = false
python-versions = ">=3.7"
files = [
    {file = "pathspec-0.11.2-py3-none-any.whl", hash = "sha256:1d6ed233af05e679efb96b1851550ea95bbb64b7c490b0f5aa52996c11e92a20"},
    {file = "pathspec-0.11.2.tar.gz", hash = "sha256:e0d8d0ac2f12da61956eb2306b69f9469b42f4deb0f3cb6ed47b9cce9996ced3"},
]

[[package]]
name = "platformdirs"
version = "3.10.0"
description = "A small Python package for determining appropriate platform-specific dirs, e.g. a \"user data dir\"."
optional = false
python-versions = ">=3.7"
files = [
    {file = "platformdirs-3.10.0-py3-none-any.whl", hash = "sha256:d7c24979f292f916dc9cbf8648319032f551ea8c49a4c9bf2fb556a02070ec1d"},
    {file = "platformdirs-3.10.0.tar.gz", hash = "sha256:b45696dab2d7cc691a3226759c0d3b00c47c8b6e293d96f6436f733303f77f6d"},
]

[package.extras]
docs = ["furo (>=2023.7.26)", "proselint (>=0.13)", "sphinx (>=7.1.1)", "sphinx-autodoc-typehints (>=1.24)"]
test = ["appdirs (==1.4.4)", "covdefaults (>=2.3)", "pytest (>=7.4)", "pytest-cov (>=4.1)", "pytest-mock (>=3.11.1)"]

[[package]]
name = "pydantic"
version = "2.1.1"
description = "Data validation using Python type hints"
optional = false
python-versions = ">=3.7"
files = [
    {file = "pydantic-2.1.1-py3-none-any.whl", hash = "sha256:43bdbf359d6304c57afda15c2b95797295b702948082d4c23851ce752f21da70"},
    {file = "pydantic-2.1.1.tar.gz", hash = "sha256:22d63db5ce4831afd16e7c58b3192d3faf8f79154980d9397d9867254310ba4b"},
]

[package.dependencies]
annotated-types = ">=0.4.0"
pydantic-core = "2.4.0"
typing-extensions = ">=4.6.1"

[package.extras]
email = ["email-validator (>=2.0.0)"]

[[package]]
name = "pydantic-core"
version = "2.4.0"
description = ""
optional = false
python-versions = ">=3.7"
files = [
    {file = "pydantic_core-2.4.0-cp310-cp310-macosx_10_7_x86_64.whl", hash = "sha256:2ca4687dd996bde7f3c420def450797feeb20dcee2b9687023e3323c73fc14a2"},
    {file = "pydantic_core-2.4.0-cp310-cp310-macosx_11_0_arm64.whl", hash = "sha256:782fced7d61469fd1231b184a80e4f2fa7ad54cd7173834651a453f96f29d673"},
    {file = "pydantic_core-2.4.0-cp310-cp310-manylinux_2_17_aarch64.manylinux2014_aarch64.whl", hash = "sha256:6213b471b68146af97b8551294e59e7392c2117e28ffad9c557c65087f4baee3"},
    {file = "pydantic_core-2.4.0-cp310-cp310-manylinux_2_17_x86_64.manylinux2014_x86_64.whl", hash = "sha256:63797499a219d8e81eb4e0c42222d0a4c8ec896f5c76751d4258af95de41fdf1"},
    {file = "pydantic_core-2.4.0-cp310-cp310-manylinux_2_24_armv7l.whl", hash = "sha256:0455876d575a35defc4da7e0a199596d6c773e20d3d42fa1fc29f6aa640369ed"},
    {file = "pydantic_core-2.4.0-cp310-cp310-manylinux_2_24_ppc64le.whl", hash = "sha256:8c938c96294d983dcf419b54dba2d21056959c22911d41788efbf949a29ae30d"},
    {file = "pydantic_core-2.4.0-cp310-cp310-manylinux_2_24_s390x.whl", hash = "sha256:878a5017d93e776c379af4e7b20f173c82594d94fa073059bcc546789ad50bf8"},
    {file = "pydantic_core-2.4.0-cp310-cp310-manylinux_2_5_i686.manylinux1_i686.whl", hash = "sha256:69159afc2f2dc43285725f16143bc5df3c853bc1cb7df6021fce7ef1c69e8171"},
    {file = "pydantic_core-2.4.0-cp310-cp310-musllinux_1_1_aarch64.whl", hash = "sha256:54df7df399b777c1fd144f541c95d351b3aa110535a6810a6a569905d106b6f3"},
    {file = "pydantic_core-2.4.0-cp310-cp310-musllinux_1_1_x86_64.whl", hash = "sha256:e412607ca89a0ced10758dfb8f9adcc365ce4c1c377e637c01989a75e9a9ec8a"},
    {file = "pydantic_core-2.4.0-cp310-none-win32.whl", hash = "sha256:853f103e2b9a58832fdd08a587a51de8b552ae90e1a5d167f316b7eabf8d7dde"},
    {file = "pydantic_core-2.4.0-cp310-none-win_amd64.whl", hash = "sha256:3ba2c9c94a9176f6321a879c8b864d7c5b12d34f549a4c216c72ce213d7d953c"},
    {file = "pydantic_core-2.4.0-cp311-cp311-macosx_10_7_x86_64.whl", hash = "sha256:a8b7acd04896e8f161e1500dc5f218017db05c1d322f054e89cbd089ce5d0071"},
    {file = "pydantic_core-2.4.0-cp311-cp311-macosx_11_0_arm64.whl", hash = "sha256:16468bd074fa4567592d3255bf25528ed41e6b616d69bf07096bdb5b66f947d1"},
    {file = "pydantic_core-2.4.0-cp311-cp311-manylinux_2_17_aarch64.manylinux2014_aarch64.whl", hash = "sha256:cba5ad5eef02c86a1f3da00544cbc59a510d596b27566479a7cd4d91c6187a11"},
    {file = "pydantic_core-2.4.0-cp311-cp311-manylinux_2_17_x86_64.manylinux2014_x86_64.whl", hash = "sha256:b7206e41e04b443016e930e01685bab7a308113c0b251b3f906942c8d4b48fcb"},
    {file = "pydantic_core-2.4.0-cp311-cp311-manylinux_2_24_armv7l.whl", hash = "sha256:c1375025f0bfc9155286ebae8eecc65e33e494c90025cda69e247c3ccd2bab00"},
    {file = "pydantic_core-2.4.0-cp311-cp311-manylinux_2_24_ppc64le.whl", hash = "sha256:3534118289e33130ed3f1cc487002e8d09b9f359be48b02e9cd3de58ce58fba9"},
    {file = "pydantic_core-2.4.0-cp311-cp311-manylinux_2_24_s390x.whl", hash = "sha256:94d2b36a74623caab262bf95f0e365c2c058396082bd9d6a9e825657d0c1e7fa"},
    {file = "pydantic_core-2.4.0-cp311-cp311-manylinux_2_5_i686.manylinux1_i686.whl", hash = "sha256:af24ad4fbaa5e4a2000beae0c3b7fd1c78d7819ab90f9370a1cfd8998e3f8a3c"},
    {file = "pydantic_core-2.4.0-cp311-cp311-musllinux_1_1_aarch64.whl", hash = "sha256:bf10963d8aed8bbe0165b41797c9463d4c5c8788ae6a77c68427569be6bead41"},
    {file = "pydantic_core-2.4.0-cp311-cp311-musllinux_1_1_x86_64.whl", hash = "sha256:68199ada7c310ddb8c76efbb606a0de656b40899388a7498954f423e03fc38be"},
    {file = "pydantic_core-2.4.0-cp311-none-win32.whl", hash = "sha256:6f855bcc96ed3dd56da7373cfcc9dcbabbc2073cac7f65c185772d08884790ce"},
    {file = "pydantic_core-2.4.0-cp311-none-win_amd64.whl", hash = "sha256:de39eb3bab93a99ddda1ac1b9aa331b944d8bcc4aa9141148f7fd8ee0299dafc"},
    {file = "pydantic_core-2.4.0-cp312-cp312-macosx_10_7_x86_64.whl", hash = "sha256:f773b39780323a0499b53ebd91a28ad11cde6705605d98d999dfa08624caf064"},
    {file = "pydantic_core-2.4.0-cp312-cp312-macosx_11_0_arm64.whl", hash = "sha256:a297c0d6c61963c5c3726840677b798ca5b7dfc71bc9c02b9a4af11d23236008"},
    {file = "pydantic_core-2.4.0-cp312-cp312-manylinux_2_17_aarch64.manylinux2014_aarch64.whl", hash = "sha256:546064c55264156b973b5e65e5fafbe5e62390902ce3cf6b4005765505e8ff56"},
    {file = "pydantic_core-2.4.0-cp312-cp312-manylinux_2_17_x86_64.manylinux2014_x86_64.whl", hash = "sha256:36ba9e728588588f0196deaf6751b9222492331b5552f865a8ff120869d372e0"},
    {file = "pydantic_core-2.4.0-cp312-cp312-manylinux_2_24_armv7l.whl", hash = "sha256:57a53a75010c635b3ad6499e7721eaa3b450e03f6862afe2dbef9c8f66e46ec8"},
    {file = "pydantic_core-2.4.0-cp312-cp312-manylinux_2_24_ppc64le.whl", hash = "sha256:4b262bbc13022f2097c48a21adcc360a81d83dc1d854c11b94953cd46d7d3c07"},
    {file = "pydantic_core-2.4.0-cp312-cp312-manylinux_2_24_s390x.whl", hash = "sha256:01947ad728f426fa07fcb26457ebf90ce29320259938414bc0edd1476e75addb"},
    {file = "pydantic_core-2.4.0-cp312-cp312-manylinux_2_5_i686.manylinux1_i686.whl", hash = "sha256:b2799c2eaf182769889761d4fb4d78b82bc47dae833799fedbf69fc7de306faa"},
    {file = "pydantic_core-2.4.0-cp312-cp312-musllinux_1_1_aarch64.whl", hash = "sha256:a08fd490ba36d1fbb2cd5dcdcfb9f3892deb93bd53456724389135712b5fc735"},
    {file = "pydantic_core-2.4.0-cp312-cp312-musllinux_1_1_x86_64.whl", hash = "sha256:1e8a7c62d15a5c4b307271e4252d76ebb981d6251c6ecea4daf203ef0179ea4f"},
    {file = "pydantic_core-2.4.0-cp312-none-win32.whl", hash = "sha256:9206c14a67c38de7b916e486ae280017cf394fa4b1aa95cfe88621a4e1d79725"},
    {file = "pydantic_core-2.4.0-cp312-none-win_amd64.whl", hash = "sha256:884235507549a6b2d3c4113fb1877ae263109e787d9e0eb25c35982ab28d0399"},
    {file = "pydantic_core-2.4.0-cp37-cp37m-macosx_10_7_x86_64.whl", hash = "sha256:4cbe929efa77a806e8f1a97793f2dc3ea3475ae21a9ed0f37c21320fe93f6f50"},
    {file = "pydantic_core-2.4.0-cp37-cp37m-macosx_11_0_arm64.whl", hash = "sha256:9137289de8fe845c246a8c3482dd0cb40338846ba683756d8f489a4bd8fddcae"},
    {file = "pydantic_core-2.4.0-cp37-cp37m-manylinux_2_17_aarch64.manylinux2014_aarch64.whl", hash = "sha256:c5d8e764b5646623e57575f624f8ebb8f7a9f7fd1fae682ef87869ca5fec8dcf"},
    {file = "pydantic_core-2.4.0-cp37-cp37m-manylinux_2_17_x86_64.manylinux2014_x86_64.whl", hash = "sha256:8fba0aff4c407d0274e43697e785bcac155ad962be57518d1c711f45e72da70f"},
    {file = "pydantic_core-2.4.0-cp37-cp37m-manylinux_2_24_armv7l.whl", hash = "sha256:30527d173e826f2f7651f91c821e337073df1555e3b5a0b7b1e2c39e26e50678"},
    {file = "pydantic_core-2.4.0-cp37-cp37m-manylinux_2_24_ppc64le.whl", hash = "sha256:bd7d1dde70ff3e09e4bc7a1cbb91a7a538add291bfd5b3e70ef1e7b45192440f"},
    {file = "pydantic_core-2.4.0-cp37-cp37m-manylinux_2_24_s390x.whl", hash = "sha256:72f1216ca8cef7b8adacd4c4c6b89c3b0c4f97503197f5284c80f36d6e4edd30"},
    {file = "pydantic_core-2.4.0-cp37-cp37m-manylinux_2_5_i686.manylinux1_i686.whl", hash = "sha256:b013c7861a7c7bfcec48fd709513fea6f9f31727e7a0a93ca0dd12e056740717"},
    {file = "pydantic_core-2.4.0-cp37-cp37m-musllinux_1_1_aarch64.whl", hash = "sha256:478f5f6d7e32bd4a04d102160efb2d389432ecf095fe87c555c0a6fc4adfc1a4"},
    {file = "pydantic_core-2.4.0-cp37-cp37m-musllinux_1_1_x86_64.whl", hash = "sha256:d9610b47b5fe4aacbbba6a9cb5f12cbe864eec99dbfed5710bd32ef5dd8a5d5b"},
    {file = "pydantic_core-2.4.0-cp37-none-win32.whl", hash = "sha256:ff246c0111076c8022f9ba325c294f2cb5983403506989253e04dbae565e019b"},
    {file = "pydantic_core-2.4.0-cp37-none-win_amd64.whl", hash = "sha256:d0c2b713464a8e263a243ae7980d81ce2de5ac59a9f798a282e44350b42dc516"},
    {file = "pydantic_core-2.4.0-cp38-cp38-macosx_10_7_x86_64.whl", hash = "sha256:12ef6838245569fd60a179fade81ca4b90ae2fa0ef355d616f519f7bb27582db"},
    {file = "pydantic_core-2.4.0-cp38-cp38-macosx_11_0_arm64.whl", hash = "sha256:49db206eb8fdc4b4f30e6e3e410584146d813c151928f94ec0db06c4f2595538"},
    {file = "pydantic_core-2.4.0-cp38-cp38-manylinux_2_17_aarch64.manylinux2014_aarch64.whl", hash = "sha256:0a507d7fa44688bbac76af6521e488b3da93de155b9cba6f2c9b7833ce243d59"},
    {file = "pydantic_core-2.4.0-cp38-cp38-manylinux_2_17_x86_64.manylinux2014_x86_64.whl", hash = "sha256:ffe18407a4d000c568182ce5388bbbedeb099896904e43fc14eee76cfae6dec5"},
    {file = "pydantic_core-2.4.0-cp38-cp38-manylinux_2_24_armv7l.whl", hash = "sha256:fa8e48001b39d54d97d7b380a0669fa99fc0feeb972e35a2d677ba59164a9a22"},
    {file = "pydantic_core-2.4.0-cp38-cp38-manylinux_2_24_ppc64le.whl", hash = "sha256:394f12a2671ff8c4dfa2e85be6c08be0651ad85bc1e6aa9c77c21671baaf28cd"},
    {file = "pydantic_core-2.4.0-cp38-cp38-manylinux_2_24_s390x.whl", hash = "sha256:2f9ea0355f90db2a76af530245fa42f04d98f752a1236ed7c6809ec484560d5b"},
    {file = "pydantic_core-2.4.0-cp38-cp38-manylinux_2_5_i686.manylinux1_i686.whl", hash = "sha256:61d4e713f467abcdd59b47665d488bb898ad3dd47ce7446522a50e0cbd8e8279"},
    {file = "pydantic_core-2.4.0-cp38-cp38-musllinux_1_1_aarch64.whl", hash = "sha256:453862ab268f6326b01f067ed89cb3a527d34dc46f6f4eeec46a15bbc706d0da"},
    {file = "pydantic_core-2.4.0-cp38-cp38-musllinux_1_1_x86_64.whl", hash = "sha256:56a85fa0dab1567bd0cac10f0c3837b03e8a0d939e6a8061a3a420acd97e9421"},
    {file = "pydantic_core-2.4.0-cp38-none-win32.whl", hash = "sha256:0d726108c1c0380b88b6dd4db559f0280e0ceda9e077f46ff90bc85cd4d03e77"},
    {file = "pydantic_core-2.4.0-cp38-none-win_amd64.whl", hash = "sha256:047580388644c473b934d27849f8ed8dbe45df0adb72104e78b543e13bf69762"},
    {file = "pydantic_core-2.4.0-cp39-cp39-macosx_10_7_x86_64.whl", hash = "sha256:867d3eea954bea807cabba83cfc939c889a18576d66d197c60025b15269d7cc0"},
    {file = "pydantic_core-2.4.0-cp39-cp39-macosx_11_0_arm64.whl", hash = "sha256:664402ef0c238a7f8a46efb101789d5f2275600fb18114446efec83cfadb5b66"},
    {file = "pydantic_core-2.4.0-cp39-cp39-manylinux_2_17_aarch64.manylinux2014_aarch64.whl", hash = "sha256:64e8012ad60a5f0da09ed48725e6e923d1be25f2f091a640af6079f874663813"},
    {file = "pydantic_core-2.4.0-cp39-cp39-manylinux_2_17_x86_64.manylinux2014_x86_64.whl", hash = "sha256:ac2b680de398f293b68183317432b3d67ab3faeba216aec18de0c395cb5e3060"},
    {file = "pydantic_core-2.4.0-cp39-cp39-manylinux_2_24_armv7l.whl", hash = "sha256:8efc1be43b036c2b6bcfb1451df24ee0ddcf69c31351003daf2699ed93f5687b"},
    {file = "pydantic_core-2.4.0-cp39-cp39-manylinux_2_24_ppc64le.whl", hash = "sha256:d93aedbc4614cc21b9ab0d0c4ccd7143354c1f7cffbbe96ae5216ad21d1b21b5"},
    {file = "pydantic_core-2.4.0-cp39-cp39-manylinux_2_24_s390x.whl", hash = "sha256:af788b64e13d52fc3600a68b16d31fa8d8573e3ff2fc9a38f8a60b8d94d1f012"},
    {file = "pydantic_core-2.4.0-cp39-cp39-manylinux_2_5_i686.manylinux1_i686.whl", hash = "sha256:97c6349c81cee2e69ef59eba6e6c08c5936e6b01c2d50b9e4ac152217845ae09"},
    {file = "pydantic_core-2.4.0-cp39-cp39-musllinux_1_1_aarch64.whl", hash = "sha256:cc086ddb6dc654a15deeed1d1f2bcb1cb924ebd70df9dca738af19f64229b06c"},
    {file = "pydantic_core-2.4.0-cp39-cp39-musllinux_1_1_x86_64.whl", hash = "sha256:e953353180bec330c3b830891d260b6f8e576e2d18db3c78d314e56bb2276066"},
    {file = "pydantic_core-2.4.0-cp39-none-win32.whl", hash = "sha256:6feb4b64d11d5420e517910d60a907d08d846cacaf4e029668725cd21d16743c"},
    {file = "pydantic_core-2.4.0-cp39-none-win_amd64.whl", hash = "sha256:153a61ac4030fa019b70b31fb7986461119230d3ba0ab661c757cfea652f4332"},
    {file = "pydantic_core-2.4.0-pp310-pypy310_pp73-macosx_10_7_x86_64.whl", hash = "sha256:3fcf529382b282a30b466bd7af05be28e22aa620e016135ac414f14e1ee6b9e1"},
    {file = "pydantic_core-2.4.0-pp310-pypy310_pp73-manylinux_2_17_aarch64.manylinux2014_aarch64.whl", hash = "sha256:2edef05b63d82568b877002dc4cb5cc18f8929b59077120192df1e03e0c633f8"},
    {file = "pydantic_core-2.4.0-pp310-pypy310_pp73-manylinux_2_17_x86_64.manylinux2014_x86_64.whl", hash = "sha256:da055a1b0bfa8041bb2ff586b2cb0353ed03944a3472186a02cc44a557a0e661"},
    {file = "pydantic_core-2.4.0-pp310-pypy310_pp73-manylinux_2_5_i686.manylinux1_i686.whl", hash = "sha256:77dadc764cf7c5405e04866181c5bd94a447372a9763e473abb63d1dfe9b7387"},
    {file = "pydantic_core-2.4.0-pp310-pypy310_pp73-musllinux_1_1_aarch64.whl", hash = "sha256:a4ea23b07f29487a7bef2a869f68c7ee0e05424d81375ce3d3de829314c6b5ec"},
    {file = "pydantic_core-2.4.0-pp310-pypy310_pp73-musllinux_1_1_x86_64.whl", hash = "sha256:382f0baa044d674ad59455a5eff83d7965572b745cc72df35c52c2ce8c731d37"},
    {file = "pydantic_core-2.4.0-pp310-pypy310_pp73-win_amd64.whl", hash = "sha256:08f89697625e453421401c7f661b9d1eb4c9e4c0a12fd256eeb55b06994ac6af"},
    {file = "pydantic_core-2.4.0-pp37-pypy37_pp73-macosx_10_7_x86_64.whl", hash = "sha256:43a405ce520b45941df9ff55d0cd09762017756a7b413bbad3a6e8178e64a2c2"},
    {file = "pydantic_core-2.4.0-pp37-pypy37_pp73-manylinux_2_17_aarch64.manylinux2014_aarch64.whl", hash = "sha256:584a7a818c84767af16ce8bda5d4f7fedb37d3d231fc89928a192f567e4ef685"},
    {file = "pydantic_core-2.4.0-pp37-pypy37_pp73-manylinux_2_17_x86_64.manylinux2014_x86_64.whl", hash = "sha256:04922fea7b13cd480586fa106345fe06e43220b8327358873c22d8dfa7a711c7"},
    {file = "pydantic_core-2.4.0-pp37-pypy37_pp73-manylinux_2_5_i686.manylinux1_i686.whl", hash = "sha256:17156abac20a9feed10feec867fddd91a80819a485b0107fe61f09f2117fe5f3"},
    {file = "pydantic_core-2.4.0-pp37-pypy37_pp73-musllinux_1_1_aarch64.whl", hash = "sha256:4e562cc63b04636cde361fd47569162f1daa94c759220ff202a8129902229114"},
    {file = "pydantic_core-2.4.0-pp37-pypy37_pp73-musllinux_1_1_x86_64.whl", hash = "sha256:90f3785146f701e053bb6b9e8f53acce2c919aca91df88bd4975be0cb926eb41"},
    {file = "pydantic_core-2.4.0-pp37-pypy37_pp73-win_amd64.whl", hash = "sha256:e40b1e97edd3dc127aa53d8a5e539a3d0c227d71574d3f9ac1af02d58218a122"},
    {file = "pydantic_core-2.4.0-pp38-pypy38_pp73-macosx_10_7_x86_64.whl", hash = "sha256:b27f3e67f6e031f6620655741b7d0d6bebea8b25d415924b3e8bfef2dd7bd841"},
    {file = "pydantic_core-2.4.0-pp38-pypy38_pp73-manylinux_2_17_aarch64.manylinux2014_aarch64.whl", hash = "sha256:be86c2eb12fb0f846262ace9d8f032dc6978b8cb26a058920ecb723dbcb87d05"},
    {file = "pydantic_core-2.4.0-pp38-pypy38_pp73-manylinux_2_17_x86_64.manylinux2014_x86_64.whl", hash = "sha256:4665f7ed345012a8d2eddf4203ef145f5f56a291d010382d235b94e91813f88a"},
    {file = "pydantic_core-2.4.0-pp38-pypy38_pp73-manylinux_2_5_i686.manylinux1_i686.whl", hash = "sha256:79262be5a292d1df060f29b9a7cdd66934801f987a817632d7552534a172709a"},
    {file = "pydantic_core-2.4.0-pp38-pypy38_pp73-musllinux_1_1_aarch64.whl", hash = "sha256:5fd905a69ac74eaba5041e21a1e8b1a479dab2b41c93bdcc4c1cede3c12a8d86"},
    {file = "pydantic_core-2.4.0-pp38-pypy38_pp73-musllinux_1_1_x86_64.whl", hash = "sha256:2ad538b7e07343001934417cdc8584623b4d8823c5b8b258e75ec8d327cec969"},
    {file = "pydantic_core-2.4.0-pp38-pypy38_pp73-win_amd64.whl", hash = "sha256:dd2429f7635ad4857b5881503f9c310be7761dc681c467a9d27787b674d1250a"},
    {file = "pydantic_core-2.4.0-pp39-pypy39_pp73-macosx_10_7_x86_64.whl", hash = "sha256:efff8b6761a1f6e45cebd1b7a6406eb2723d2d5710ff0d1b624fe11313693989"},
    {file = "pydantic_core-2.4.0-pp39-pypy39_pp73-manylinux_2_17_aarch64.manylinux2014_aarch64.whl", hash = "sha256:32a1e0352558cd7ccc014ffe818c7d87b15ec6145875e2cc5fa4bb7351a1033d"},
    {file = "pydantic_core-2.4.0-pp39-pypy39_pp73-manylinux_2_17_x86_64.manylinux2014_x86_64.whl", hash = "sha256:a027f41c5008571314861744d83aff75a34cf3a07022e0be32b214a5bc93f7f1"},
    {file = "pydantic_core-2.4.0-pp39-pypy39_pp73-manylinux_2_5_i686.manylinux1_i686.whl", hash = "sha256:1927f0e15d190f11f0b8344373731e28fd774c6d676d8a6cfadc95c77214a48b"},
    {file = "pydantic_core-2.4.0-pp39-pypy39_pp73-musllinux_1_1_aarch64.whl", hash = "sha256:7aa82d483d5fb867d4fb10a138ffd57b0f1644e99f2f4f336e48790ada9ada5e"},
    {file = "pydantic_core-2.4.0-pp39-pypy39_pp73-musllinux_1_1_x86_64.whl", hash = "sha256:b85778308bf945e9b33ac604e6793df9b07933108d20bdf53811bc7c2798a4af"},
    {file = "pydantic_core-2.4.0-pp39-pypy39_pp73-win_amd64.whl", hash = "sha256:3ded19dcaefe2f6706d81e0db787b59095f4ad0fbadce1edffdf092294c8a23f"},
    {file = "pydantic_core-2.4.0.tar.gz", hash = "sha256:ec3473c9789cc00c7260d840c3db2c16dbfc816ca70ec87a00cddfa3e1a1cdd5"},
]

[package.dependencies]
typing-extensions = ">=4.6.0,<4.7.0 || >4.7.0"

[[package]]
name = "python-slugify"
version = "8.0.1"
description = "A Python slugify application that also handles Unicode"
optional = false
python-versions = ">=3.7"
files = [
    {file = "python-slugify-8.0.1.tar.gz", hash = "sha256:ce0d46ddb668b3be82f4ed5e503dbc33dd815d83e2eb6824211310d3fb172a27"},
    {file = "python_slugify-8.0.1-py2.py3-none-any.whl", hash = "sha256:70ca6ea68fe63ecc8fa4fcf00ae651fc8a5d02d93dcd12ae6d4fc7ca46c4d395"},
]

[package.dependencies]
text-unidecode = ">=1.3"

[package.extras]
unidecode = ["Unidecode (>=1.1.1)"]

[[package]]
name = "ruff"
version = "0.0.288"
description = "An extremely fast Python linter, written in Rust."
optional = false
python-versions = ">=3.7"
files = [
    {file = "ruff-0.0.288-py3-none-macosx_10_7_x86_64.whl", hash = "sha256:64c01615b8640c703a56a1eac3114a653166eafa5d416ffc9e6cafbfb86ab927"},
    {file = "ruff-0.0.288-py3-none-macosx_10_9_x86_64.macosx_11_0_arm64.macosx_10_9_universal2.whl", hash = "sha256:84691fd3c8edd705c27eb7ccf745a3530c31e4c83010f9ce20e0b9eb0578f099"},
    {file = "ruff-0.0.288-py3-none-manylinux_2_17_aarch64.manylinux2014_aarch64.whl", hash = "sha256:e08c81394ae272b1595580dad1bfc62de72d9356c51e76b5c2fdd546f84e6168"},
    {file = "ruff-0.0.288-py3-none-manylinux_2_17_armv7l.manylinux2014_armv7l.whl", hash = "sha256:db1de2ac1de219f29c12940b429fe365974c3d9f69464c4660c06e4b4b284dba"},
    {file = "ruff-0.0.288-py3-none-manylinux_2_17_i686.manylinux2014_i686.whl", hash = "sha256:bd9977eee17d7f29beca74b478f6930c7dd006d486bac615c849a3436384fc28"},
    {file = "ruff-0.0.288-py3-none-manylinux_2_17_ppc64.manylinux2014_ppc64.whl", hash = "sha256:2d5df4a49eaa11536776b1efcc4e88e373b205a958712185de8e4ae287397614"},
    {file = "ruff-0.0.288-py3-none-manylinux_2_17_ppc64le.manylinux2014_ppc64le.whl", hash = "sha256:10feeabd15e2c6e06bce75aa97e806009cf909261cd124f24ef832385914aae9"},
    {file = "ruff-0.0.288-py3-none-manylinux_2_17_s390x.manylinux2014_s390x.whl", hash = "sha256:0496556da7b413279370cae7de001a0415279e9318dc1fabd447a3ca7b398bce"},
    {file = "ruff-0.0.288-py3-none-manylinux_2_17_x86_64.manylinux2014_x86_64.whl", hash = "sha256:ef9a6563bbacfc7afdba04722d742db4f1961ab6f398a2e305b43c21d418c149"},
    {file = "ruff-0.0.288-py3-none-musllinux_1_2_aarch64.whl", hash = "sha256:ea0535d48f674d6a6bf1e6fb1a18c40622cb6496b0994cfdcd7aec763ef8b589"},
    {file = "ruff-0.0.288-py3-none-musllinux_1_2_armv7l.whl", hash = "sha256:e450e50a936409439bf4e28e85412622693350cf4da89c69e1f14af21ddbc467"},
    {file = "ruff-0.0.288-py3-none-musllinux_1_2_i686.whl", hash = "sha256:28ee03358e4eb89e843cb4fd9cf0406eb603a7e060436ffc623b29544e374c2b"},
    {file = "ruff-0.0.288-py3-none-musllinux_1_2_x86_64.whl", hash = "sha256:13d1e6cef389dc0238ef0e97e25561c925bf255d0f59f70ed2d6bd0a13fdd7b0"},
    {file = "ruff-0.0.288-py3-none-win32.whl", hash = "sha256:7534da2f1e724b87a5041615652bca7c6e721f90ae3a01d1d8e965d08a615038"},
    {file = "ruff-0.0.288-py3-none-win_amd64.whl", hash = "sha256:73066b1da66b3d4942cce8c90fd6e09108851e0867a5f7071255d1b99aee3e75"},
    {file = "ruff-0.0.288-py3-none-win_arm64.whl", hash = "sha256:6ca84861bf046e4365e20f4d664dc0aa02b377a6896a393dad716e033ac47a65"},
    {file = "ruff-0.0.288.tar.gz", hash = "sha256:71eb3e09cb47cc02c13c6dc5561055b913572995cf5fa8286948f938bc464621"},
]

[[package]]
name = "setuptools"
version = "68.0.0"
description = "Easily download, build, install, upgrade, and uninstall Python packages"
optional = false
python-versions = ">=3.7"
files = [
    {file = "setuptools-68.0.0-py3-none-any.whl", hash = "sha256:11e52c67415a381d10d6b462ced9cfb97066179f0e871399e006c4ab101fc85f"},
    {file = "setuptools-68.0.0.tar.gz", hash = "sha256:baf1fdb41c6da4cd2eae722e135500da913332ab3f2f5c7d33af9b492acb5235"},
]

[package.extras]
docs = ["furo", "jaraco.packaging (>=9)", "jaraco.tidelift (>=1.4)", "pygments-github-lexers (==0.0.5)", "rst.linker (>=1.9)", "sphinx (>=3.5)", "sphinx-favicon", "sphinx-hoverxref (<2)", "sphinx-inline-tabs", "sphinx-lint", "sphinx-notfound-page (==0.8.3)", "sphinx-reredirects", "sphinxcontrib-towncrier"]
testing = ["build[virtualenv]", "filelock (>=3.4.0)", "flake8-2020", "ini2toml[lite] (>=0.9)", "jaraco.envs (>=2.2)", "jaraco.path (>=3.2.0)", "pip (>=19.1)", "pip-run (>=8.8)", "pytest (>=6)", "pytest-black (>=0.3.7)", "pytest-checkdocs (>=2.4)", "pytest-cov", "pytest-enabler (>=1.3)", "pytest-mypy (>=0.9.1)", "pytest-perf", "pytest-ruff", "pytest-timeout", "pytest-xdist", "tomli-w (>=1.0.0)", "virtualenv (>=13.0.0)", "wheel"]
testing-integration = ["build[virtualenv]", "filelock (>=3.4.0)", "jaraco.envs (>=2.2)", "jaraco.path (>=3.2.0)", "pytest", "pytest-enabler", "pytest-xdist", "tomli", "virtualenv (>=13.0.0)", "wheel"]

[[package]]
name = "text-unidecode"
version = "1.3"
description = "The most basic Text::Unidecode port"
optional = false
python-versions = "*"
files = [
    {file = "text-unidecode-1.3.tar.gz", hash = "sha256:bad6603bb14d279193107714b288be206cac565dfa49aa5b105294dd5c4aab93"},
    {file = "text_unidecode-1.3-py2.py3-none-any.whl", hash = "sha256:1311f10e8b895935241623731c2ba64f4c455287888b18189350b67134a822e8"},
]

[[package]]
name = "types-python-slugify"
version = "8.0.0.3"
description = "Typing stubs for python-slugify"
optional = false
python-versions = "*"
files = [
    {file = "types-python-slugify-8.0.0.3.tar.gz", hash = "sha256:868e6610ab9a01c01b2ccc1b982363e694d6bbb4fcf32e0d82688c89dceb4e2c"},
    {file = "types_python_slugify-8.0.0.3-py3-none-any.whl", hash = "sha256:2353c161c79ab6cce955b50720c6cd03586ec297558122236d130e4a19f21209"},
]

[[package]]
name = "typing-extensions"
version = "4.7.1"
description = "Backported and Experimental Type Hints for Python 3.7+"
optional = false
python-versions = ">=3.7"
files = [
    {file = "typing_extensions-4.7.1-py3-none-any.whl", hash = "sha256:440d5dd3af93b060174bf433bccd69b0babc3b15b1a8dca43789fd7f61514b36"},
    {file = "typing_extensions-4.7.1.tar.gz", hash = "sha256:b75ddc264f0ba5615db7ba217daeb99701ad295353c45f9e95963337ceeeffb2"},
]

[metadata]
lock-version = "2.0"
python-versions = "^3.11"
content-hash = "3050361c38bcd66a1cb44e7be6f4c3c9dad9341cba3184840452ec190381e67f"
