# @generated - this file is auto-generated by `mise lock` https://mise.jdx.dev/dev-tools/mise-lock.html

[[tools.cargo-binstall]]
version = "1.19.1"
backend = "aqua:cargo-bins/cargo-binstall"

[tools.cargo-binstall."platforms.linux-arm64"]
checksum = "sha256:2001eee8da26705ad9627e57a25c23eb4639647521205f3e4a7b4e09d067d199"
url = "https://github.com/cargo-bins/cargo-binstall/releases/download/v1.19.1/cargo-binstall-aarch64-unknown-linux-musl.tgz"
url_api = "https://api.github.com/repos/cargo-bins/cargo-binstall/releases/assets/413600212"
provenance = "github-attestations"

[tools.cargo-binstall."platforms.linux-x64"]
checksum = "sha256:4a50fcf01418862e2fa8e4076cb6cb80ff4061b0c0b1464e71a63ce01ee29bde"
url = "https://github.com/cargo-bins/cargo-binstall/releases/download/v1.19.1/cargo-binstall-x86_64-unknown-linux-musl.tgz"
url_api = "https://api.github.com/repos/cargo-bins/cargo-binstall/releases/assets/413599465"
provenance = "github-attestations"

[tools.cargo-binstall."platforms.macos-arm64"]
checksum = "sha256:bf9da6a27e432784f361cfbc70a6d04e548abc548470ae9a7587c3cffb8fb0a7"
url = "https://github.com/cargo-bins/cargo-binstall/releases/download/v1.19.1/cargo-binstall-aarch64-apple-darwin.zip"
url_api = "https://api.github.com/repos/cargo-bins/cargo-binstall/releases/assets/413600458"
provenance = "github-attestations"

[tools.cargo-binstall."platforms.macos-x64"]
checksum = "sha256:39257851fe4fd8cc9dd81fb318f15d589b7178b74165879eddeda8062bd9fcf2"
url = "https://github.com/cargo-bins/cargo-binstall/releases/download/v1.19.1/cargo-binstall-x86_64-apple-darwin.zip"
url_api = "https://api.github.com/repos/cargo-bins/cargo-binstall/releases/assets/413599769"
provenance = "github-attestations"

[[tools."cargo:cargo-codspeed"]]
version = "4.1.0"
backend = "cargo:cargo-codspeed"

[[tools."cargo:cargo-hack"]]
version = "0.6.45"
backend = "cargo:cargo-hack"

[[tools."cargo:cargo-insta"]]
version = "1.47.2"
backend = "cargo:cargo-insta"

[[tools."cargo:cargo-llvm-cov"]]
version = "0.8.7"
backend = "cargo:cargo-llvm-cov"

[[tools."cargo:cargo-nextest"]]
version = "0.9.137"
backend = "cargo:cargo-nextest"

[[tools."cargo:wasm-opt"]]
version = "0.116.1"
backend = "cargo:wasm-opt"

[[tools."cargo:wasm-pack"]]
version = "0.15.0"
backend = "cargo:wasm-pack"

[[tools.java]]
version = "25.0.2"
backend = "core:java"

[tools.java.options]
shorthand_vendor = "openjdk"

[tools.java."platforms.linux-arm64"]
checksum = "sha256:671208d205e70c9805da45a483f670d49dd64654990a7b7223ccffb2abb070dd"
url = "https://download.java.net/java/GA/jdk25.0.2/b1e0dfa218384cb9959bdcb897162d4e/10/GPL/openjdk-25.0.2_linux-aarch64_bin.tar.gz"

[tools.java."platforms.linux-x64"]
checksum = "sha256:555ce0821e4fe175ea50d54518cd6fbece9663c1998de529bc6ce429534457df"
url = "https://download.java.net/java/GA/jdk25.0.2/b1e0dfa218384cb9959bdcb897162d4e/10/GPL/openjdk-25.0.2_linux-x64_bin.tar.gz"

[tools.java."platforms.macos-arm64"]
checksum = "sha256:7581b0d1752cd5acbf39e286c03f07b6cd6c205b562eb2fe753ff0253cf4c1bf"
url = "https://download.java.net/java/GA/jdk25.0.2/b1e0dfa218384cb9959bdcb897162d4e/10/GPL/openjdk-25.0.2_macos-aarch64_bin.tar.gz"

[tools.java."platforms.macos-x64"]
checksum = "sha256:4ec2f4bc47b057fdf9cda07af27fae8f3605e90fa963d4240d63baeb46ede460"
url = "https://download.java.net/java/GA/jdk25.0.2/b1e0dfa218384cb9959bdcb897162d4e/10/GPL/openjdk-25.0.2_macos-x64_bin.tar.gz"

[[tools.just]]
version = "1.51.0"
backend = "aqua:casey/just"

[tools.just."platforms.linux-arm64"]
checksum = "sha256:ed7ec466b77709198fd4afed253dba0270203ba5eb1c006bee2b0139090284f5"
url = "https://github.com/casey/just/releases/download/1.51.0/just-1.51.0-aarch64-unknown-linux-musl.tar.gz"
url_api = "https://api.github.com/repos/casey/just/releases/assets/416466462"

[tools.just."platforms.linux-x64"]
checksum = "sha256:c8f085ca3e885723c341d06243fc291b5abfdc8bbe3b2c076b117de490387b59"
url = "https://github.com/casey/just/releases/download/1.51.0/just-1.51.0-x86_64-unknown-linux-musl.tar.gz"
url_api = "https://api.github.com/repos/casey/just/releases/assets/416466152"

[tools.just."platforms.macos-arm64"]
checksum = "sha256:61e3f1b8a545ff064b091eab4b6e14f8cc743ff15549be293b1e92f5b1467002"
url = "https://github.com/casey/just/releases/download/1.51.0/just-1.51.0-aarch64-apple-darwin.tar.gz"
url_api = "https://api.github.com/repos/casey/just/releases/assets/416466044"

[tools.just."platforms.macos-x64"]
checksum = "sha256:d583e45f1f9fcdd26069ad2fe3bb9dea414756d8d0752eb9093974cb5c0246f0"
url = "https://github.com/casey/just/releases/download/1.51.0/just-1.51.0-x86_64-apple-darwin.tar.gz"
url_api = "https://api.github.com/repos/casey/just/releases/assets/416466221"

[[tools.markdownlint-cli2]]
version = "0.22.1"
backend = "npm:markdownlint-cli2"

[[tools.node]]
version = "22.21.1"
backend = "core:node"

[tools.node."platforms.linux-arm64"]
checksum = "sha256:c86830dedf77f8941faa6c5a9c863bdfdd1927a336a46943decc06a38f80bfb2"
url = "https://nodejs.org/dist/v22.21.1/node-v22.21.1-linux-arm64.tar.gz"

[tools.node."platforms.linux-x64"]
checksum = "sha256:219a152ea859861d75adea578bdec3dce8143853c13c5187f40c40e77b0143b2"
url = "https://nodejs.org/dist/v22.21.1/node-v22.21.1-linux-x64.tar.gz"

[tools.node."platforms.macos-arm64"]
checksum = "sha256:c170d6554fba83d41d25a76cdbad85487c077e51fa73519e41ac885aa429d8af"
url = "https://nodejs.org/dist/v22.21.1/node-v22.21.1-darwin-arm64.tar.gz"

[tools.node."platforms.macos-x64"]
checksum = "sha256:8e3dc89614debe66c2a6ad2313a1adb06eb37db6cd6c40d7de6f7d987f7d1afd"
url = "https://nodejs.org/dist/v22.21.1/node-v22.21.1-darwin-x64.tar.gz"

[[tools."npm:@napi-rs/cli"]]
version = "3.7.0"
backend = "npm:@napi-rs/cli"

[[tools."npm:@redocly/cli"]]
version = "2.31.5"
backend = "npm:@redocly/cli"

[[tools."npm:renovate"]]
version = "43.212.4"
backend = "npm:renovate"

[[tools."npm:turbo"]]
version = "2.6.3"
backend = "npm:turbo"

[[tools.oxfmt]]
version = "0.50.0"
backend = "npm:oxfmt"

[[tools."pipx:sqlfluff"]]
version = "3.4.2"
backend = "pipx:sqlfluff"

[[tools.protoc]]
version = "35.1"
backend = "aqua:protocolbuffers/protobuf/protoc"

[tools.protoc."platforms.linux-arm64"]
checksum = "sha256:01bf9d08808c7f96678b63f4bd8efa559bb4f83d5a7a270d5edaf507f9d5d9cf"
url = "https://github.com/protocolbuffers/protobuf/releases/download/v35.1/protoc-35.1-linux-aarch_64.zip"
url_api = "https://api.github.com/repos/protocolbuffers/protobuf/releases/assets/445060236"

[tools.protoc."platforms.linux-x64"]
checksum = "sha256:6930ebf62bd4ea607b98fff052596c6ee564b9835b4ce172c75a3f53ae9d91b7"
url = "https://github.com/protocolbuffers/protobuf/releases/download/v35.1/protoc-35.1-linux-x86_64.zip"
url_api = "https://api.github.com/repos/protocolbuffers/protobuf/releases/assets/445060247"

[tools.protoc."platforms.macos-arm64"]
checksum = "sha256:193289af0470c6a1aada357d4fba0bbf8d78bfaac8b5e42ca30af2ef75583de2"
url = "https://github.com/protocolbuffers/protobuf/releases/download/v35.1/protoc-35.1-osx-aarch_64.zip"
url_api = "https://api.github.com/repos/protocolbuffers/protobuf/releases/assets/445060249"

[tools.protoc."platforms.macos-x64"]
checksum = "sha256:537d73604a344ded6fc94e98e07e529d4fe3e4a0b09e59905353950fafc2a1f7"
url = "https://github.com/protocolbuffers/protobuf/releases/download/v35.1/protoc-35.1-osx-x86_64.zip"
url_api = "https://api.github.com/repos/protocolbuffers/protobuf/releases/assets/445060254"

[[tools.rust]]
version = "nightly-2026-07-06"
backend = "core:rust"

[tools.rust.options]
components = "clippy,llvm-tools-preview,miri,rust-analyzer,rust-src,rustc-codegen-cranelift-preview,rustfmt"

[[tools.sentry-cli]]
version = "2.52.0"
backend = "aqua:getsentry/sentry-cli"

[tools.sentry-cli."platforms.linux-arm64"]
checksum = "sha256:1db6a70093828bd3a017f585a2717e83ffb01f2aee671900669ae49de5261c4f"
url = "https://github.com/getsentry/sentry-cli/releases/download/2.52.0/sentry-cli-Linux-aarch64"
url_api = "https://api.github.com/repos/getsentry/sentry-cli/releases/assets/282142098"

[tools.sentry-cli."platforms.linux-x64"]
checksum = "sha256:6149cf765590ef5adf2e8bc47ca236ba9100b38d600dd148b3bc435693c7e6a5"
url = "https://github.com/getsentry/sentry-cli/releases/download/2.52.0/sentry-cli-Linux-x86_64"
url_api = "https://api.github.com/repos/getsentry/sentry-cli/releases/assets/282142106"

[tools.sentry-cli."platforms.macos-arm64"]
checksum = "sha256:4d1781961252c670a89b765ed192dc06caebf2e3bff7cc99ce9f817c56a8ab55"
url = "https://github.com/getsentry/sentry-cli/releases/download/2.52.0/sentry-cli-Darwin-arm64"
url_api = "https://api.github.com/repos/getsentry/sentry-cli/releases/assets/282142093"

[tools.sentry-cli."platforms.macos-x64"]
checksum = "sha256:63c6a6a1cf6f1410299b1359bb68f08370e901456933d3d12f21c1ec31365f9c"
url = "https://github.com/getsentry/sentry-cli/releases/download/2.52.0/sentry-cli-Darwin-x86_64"
url_api = "https://api.github.com/repos/getsentry/sentry-cli/releases/assets/282142099"

[[tools.taplo]]
version = "0.10.0"
backend = "aqua:tamasfe/taplo"

[tools.taplo."platforms.linux-arm64"]
url = "https://github.com/tamasfe/taplo/releases/download/0.10.0/taplo-linux-aarch64.gz"
url_api = "https://api.github.com/repos/tamasfe/taplo/releases/assets/257322597"

[tools.taplo."platforms.linux-x64"]
url = "https://github.com/tamasfe/taplo/releases/download/0.10.0/taplo-linux-x86_64.gz"
url_api = "https://api.github.com/repos/tamasfe/taplo/releases/assets/257322600"

[tools.taplo."platforms.macos-arm64"]
url = "https://github.com/tamasfe/taplo/releases/download/0.10.0/taplo-darwin-aarch64.gz"
url_api = "https://api.github.com/repos/tamasfe/taplo/releases/assets/257323110"

[tools.taplo."platforms.macos-x64"]
url = "https://github.com/tamasfe/taplo/releases/download/0.10.0/taplo-darwin-x86_64.gz"
url_api = "https://api.github.com/repos/tamasfe/taplo/releases/assets/257323116"

[[tools."ubi:terrastruct/d2"]]
version = "0.7.1"
backend = "ubi:terrastruct/d2"

[[tools.uv]]
version = "0.11.18"
backend = "aqua:astral-sh/uv"

[tools.uv."platforms.linux-arm64"]
checksum = "sha256:6d895725333680bf7633ad635baff8e49dc45d3b52e00b2b3adf6ced41f2ebe2"
url = "https://github.com/astral-sh/uv/releases/download/0.11.18/uv-aarch64-unknown-linux-musl.tar.gz"
url_api = "https://api.github.com/repos/astral-sh/uv/releases/assets/435541698"
provenance = "github-attestations"

[tools.uv."platforms.linux-x64"]
checksum = "sha256:a095a969fc8357f42e35652e0554525a47a29010ddb814bd82650c2ffa7d6d62"
url = "https://github.com/astral-sh/uv/releases/download/0.11.18/uv-x86_64-unknown-linux-musl.tar.gz"
url_api = "https://api.github.com/repos/astral-sh/uv/releases/assets/435541798"
provenance = "github-attestations"

[tools.uv."platforms.macos-arm64"]
checksum = "sha256:1a7adf8dadae3b55853115d13a8bf564d219597ad13824b93b213706933863e5"
url = "https://github.com/astral-sh/uv/releases/download/0.11.18/uv-aarch64-apple-darwin.tar.gz"
url_api = "https://api.github.com/repos/astral-sh/uv/releases/assets/435541676"
provenance = "github-attestations"

[tools.uv."platforms.macos-x64"]
checksum = "sha256:00a61e3db99b53c927a7e6c4ccdccb898aa3253d07928822211e9dc570a25661"
url = "https://github.com/astral-sh/uv/releases/download/0.11.18/uv-x86_64-apple-darwin.tar.gz"
url_api = "https://api.github.com/repos/astral-sh/uv/releases/assets/435541772"
provenance = "github-attestations"

[[tools.yq]]
version = "4.53.2"
backend = "aqua:mikefarah/yq"

[tools.yq."platforms.linux-arm64"]
checksum = "sha256:03061b2a50c7a498de2bbb92d7cb078ce433011f085a4994117c2726be4106ea"
url = "https://github.com/mikefarah/yq/releases/download/v4.53.2/yq_linux_arm64"
url_api = "https://api.github.com/repos/mikefarah/yq/releases/assets/398368442"
provenance = "cosign"

[tools.yq."platforms.linux-x64"]
checksum = "sha256:d56bf5c6819e8e696340c312bd70f849dc1678a7cda9c2ad63eebd906371d56b"
url = "https://github.com/mikefarah/yq/releases/download/v4.53.2/yq_linux_amd64"
url_api = "https://api.github.com/repos/mikefarah/yq/releases/assets/398368450"
provenance = "cosign"

[tools.yq."platforms.macos-arm64"]
checksum = "sha256:616b0a0f6a5b79d746f05a169c2b9bb40dee00c605ef165b9a1c1681bba738ac"
url = "https://github.com/mikefarah/yq/releases/download/v4.53.2/yq_darwin_amd64"
url_api = "https://api.github.com/repos/mikefarah/yq/releases/assets/398368453"
provenance = "cosign"

[tools.yq."platforms.macos-x64"]
checksum = "sha256:616b0a0f6a5b79d746f05a169c2b9bb40dee00c605ef165b9a1c1681bba738ac"
url = "https://github.com/mikefarah/yq/releases/download/v4.53.2/yq_darwin_amd64"
url_api = "https://api.github.com/repos/mikefarah/yq/releases/assets/398368453"
provenance = "cosign"
